// !$*UTF8*$!
{
	archiveVersion = 1;
	classes = {
	};
	objectVersion = 56;
	objects = {

/* Begin PBXBuildFile section */
		341072B62BA77FE5004C5514 /* other.exc in Resources */ = {isa = PBXBuildFile; fileRef = 341072B12BA77FE4004C5514 /* other.exc */; };
		341072B72BA77FE5004C5514 /* verb.exc in Resources */ = {isa = PBXBuildFile; fileRef = 341072B22BA77FE4004C5514 /* verb.exc */; };
		341072B82BA77FE5004C5514 /* adj.exc in Resources */ = {isa = PBXBuildFile; fileRef = 341072B32BA77FE4004C5514 /* adj.exc */; };
		341072B92BA77FE5004C5514 /* noun.exc in Resources */ = {isa = PBXBuildFile; fileRef = 341072B42BA77FE4004C5514 /* noun.exc */; };
		341072BA2BA77FE5004C5514 /* adv.exc in Resources */ = {isa = PBXBuildFile; fileRef = 341072B52BA77FE4004C5514 /* adv.exc */; };
		3414C6A62AFDA3180085ABAB /* ELApp.swift in Sources */ = {isa = PBXBuildFile; fileRef = 3414C6A52AFDA3180085ABAB /* ELApp.swift */; };
		3414C6A82AFDA3180085ABAB /* ContentView.swift in Sources */ = {isa = PBXBuildFile; fileRef = 3414C6A72AFDA3180085ABAB /* ContentView.swift */; };
		3414C6AA2AFDA31B0085ABAB /* Assets.xcassets in Resources */ = {isa = PBXBuildFile; fileRef = 3414C6A92AFDA31B0085ABAB /* Assets.xcassets */; };
		3414C6AD2AFDA31B0085ABAB /* Preview Assets.xcassets in Resources */ = {isa = PBXBuildFile; fileRef = 3414C6AC2AFDA31B0085ABAB /* Preview Assets.xcassets */; };
		3414C6B62AFDA39C0085ABAB /* Assessment.swift in Sources */ = {isa = PBXBuildFile; fileRef = 3414C6B52AFDA39C0085ABAB /* Assessment.swift */; };
		3414C6C12AFDA4D30085ABAB /* Reading.swift in Sources */ = {isa = PBXBuildFile; fileRef = 3414C6C02AFDA4D30085ABAB /* Reading.swift */; };
		3414C6C52AFDA5BA0085ABAB /* Learning.swift in Sources */ = {isa = PBXBuildFile; fileRef = 3414C6C42AFDA5BA0085ABAB /* Learning.swift */; };
		3414C6CF2AFDA7860085ABAB /* MemoryCurveFilter.swift in Sources */ = {isa = PBXBuildFile; fileRef = 3414C6CE2AFDA7860085ABAB /* MemoryCurveFilter.swift */; };
		3414C6E42AFF196C0085ABAB /* Splitter.swift in Sources */ = {isa = PBXBuildFile; fileRef = 3414C6DF2AFF196C0085ABAB /* Splitter.swift */; };
		3414C6E52AFF196C0085ABAB /* OCR.swift in Sources */ = {isa = PBXBuildFile; fileRef = 3414C6E02AFF196C0085ABAB /* OCR.swift */; };
		3414C6EA2AFF19DA0085ABAB /* UniformFormat.swift in Sources */ = {isa = PBXBuildFile; fileRef = 3414C6E92AFF19DA0085ABAB /* UniformFormat.swift */; };
		3414C6EC2AFF1B9E0085ABAB /* Attributes.swift in Sources */ = {isa = PBXBuildFile; fileRef = 3414C6EB2AFF1B9E0085ABAB /* Attributes.swift */; };
		3414C6F82AFF54DA0085ABAB /* UserInfo.db in Resources */ = {isa = PBXBuildFile; fileRef = 3414C6F72AFF54DA0085ABAB /* UserInfo.db */; };
		3414C6FA2AFF557F0085ABAB /* Dictionary.db in Resources */ = {isa = PBXBuildFile; fileRef = 3414C6F92AFF557F0085ABAB /* Dictionary.db */; };
		3414C6FC2B004A900085ABAB /* Books.swift in Sources */ = {isa = PBXBuildFile; fileRef = 3414C6FB2B004A8F0085ABAB /* Books.swift */; };
		3414C6FE2B014E930085ABAB /* TextFilter.swift in Sources */ = {isa = PBXBuildFile; fileRef = 3414C6FD2B014E930085ABAB /* TextFilter.swift */; };
		3414C7002B014EE00085ABAB /* Lemmatization.swift in Sources */ = {isa = PBXBuildFile; fileRef = 3414C6FF2B014EE00085ABAB /* Lemmatization.swift */; };
		3414C7022B014EFD0085ABAB /* POS_Tagging.swift in Sources */ = {isa = PBXBuildFile; fileRef = 3414C7012B014EFD0085ABAB /* POS_Tagging.swift */; };
		3414C7042B014F640085ABAB /* LearnedWordFilter.swift in Sources */ = {isa = PBXBuildFile; fileRef = 3414C7032B014F640085ABAB /* LearnedWordFilter.swift */; };
		343631BA2B61BEB2007C7F8C /* CameraView.swift in Sources */ = {isa = PBXBuildFile; fileRef = 343631B92B61BEB2007C7F8C /* CameraView.swift */; };
		344148012B12DB540091B29F /* NavigationView.swift in Sources */ = {isa = PBXBuildFile; fileRef = 344148002B12DB540091B29F /* NavigationView.swift */; };
		344148032B12E4EE0091B29F /* LoadingView.swift in Sources */ = {isa = PBXBuildFile; fileRef = 344148022B12E4EE0091B29F /* LoadingView.swift */; };
		347D07922B02CAC0007CA826 /* LearnedWords.swift in Sources */ = {isa = PBXBuildFile; fileRef = 347D07912B02CAC0007CA826 /* LearnedWords.swift */; };
		347D07942B02D1C1007CA826 /* GeneralTools.swift in Sources */ = {isa = PBXBuildFile; fileRef = 347D07932B02D1C1007CA826 /* GeneralTools.swift */; };
		347D07962B0ED8A5007CA826 /* WordsDefinite.swift in Sources */ = {isa = PBXBuildFile; fileRef = 347D07952B0ED8A5007CA826 /* WordsDefinite.swift */; };
		347D07982B0EDA9D007CA826 /* Dictionary.swift in Sources */ = {isa = PBXBuildFile; fileRef = 347D07972B0EDA9D007CA826 /* Dictionary.swift */; };
		347D079A2B0EDF22007CA826 /* Explanation.swift in Sources */ = {isa = PBXBuildFile; fileRef = 347D07992B0EDF22007CA826 /* Explanation.swift */; };
		347D079D2B0EE09B007CA826 /* UserInfo.swift in Sources */ = {isa = PBXBuildFile; fileRef = 347D079C2B0EE09B007CA826 /* UserInfo.swift */; };
		347D07A02B0EE638007CA826 /* FlowView.swift in Sources */ = {isa = PBXBuildFile; fileRef = 347D079F2B0EE638007CA826 /* FlowView.swift */; };
		347D07A62B10060B007CA826 /* OriginalProcessing.swift in Sources */ = {isa = PBXBuildFile; fileRef = 347D07A52B10060B007CA826 /* OriginalProcessing.swift */; };
		347D07AB2B116374007CA826 /* README.rtf in Resources */ = {isa = PBXBuildFile; fileRef = 347D07A92B116374007CA826 /* README.rtf */; };
		347D07BA2B1163AF007CA826 /* ProcessPhotoView.swift in Sources */ = {isa = PBXBuildFile; fileRef = 347D07B42B1163AF007CA826 /* ProcessPhotoView.swift */; };
		347D07BB2B1163AF007CA826 /* BookListView.swift in Sources */ = {isa = PBXBuildFile; fileRef = 347D07B52B1163AF007CA826 /* BookListView.swift */; };
		347D07BC2B1163AF007CA826 /* ReadingView.swift in Sources */ = {isa = PBXBuildFile; fileRef = 347D07B62B1163AF007CA826 /* ReadingView.swift */; };
		347D07BF2B1163AF007CA826 /* PageListView.swift in Sources */ = {isa = PBXBuildFile; fileRef = 347D07B92B1163AF007CA826 /* PageListView.swift */; };
		3499D8112B4629CB00983DD1 /* ResultsFormat.swift in Sources */ = {isa = PBXBuildFile; fileRef = 3499D8102B4629CB00983DD1 /* ResultsFormat.swift */; };
		3499D8402B4A588F00983DD1 /* UnknowWords.swift in Sources */ = {isa = PBXBuildFile; fileRef = 3499D83F2B4A588F00983DD1 /* UnknowWords.swift */; };
		3499D8422B4A5B9700983DD1 /* UnknowWords.db in Resources */ = {isa = PBXBuildFile; fileRef = 3499D8412B4A5B9600983DD1 /* UnknowWords.db */; };
		34B568422B55BEAD00A30471 /* LearnedWords.db in Resources */ = {isa = PBXBuildFile; fileRef = 34B568412B55BEAD00A30471 /* LearnedWords.db */; };
		34B568462B56FD5A00A30471 /* UnkowWordsFilter.swift in Sources */ = {isa = PBXBuildFile; fileRef = 34B568452B56FD5A00A30471 /* UnkowWordsFilter.swift */; };
/* End PBXBuildFile section */

/* Begin PBXFileReference section */
		341072B12BA77FE4004C5514 /* other.exc */ = {isa = PBXFileReference; fileEncoding = 4; lastKnownFileType = text; path = other.exc; sourceTree = "<group>"; };
		341072B22BA77FE4004C5514 /* verb.exc */ = {isa = PBXFileReference; fileEncoding = 4; lastKnownFileType = text; path = verb.exc; sourceTree = "<group>"; };
		341072B32BA77FE4004C5514 /* adj.exc */ = {isa = PBXFileReference; fileEncoding = 4; lastKnownFileType = text; path = adj.exc; sourceTree = "<group>"; };
		341072B42BA77FE4004C5514 /* noun.exc */ = {isa = PBXFileReference; fileEncoding = 4; lastKnownFileType = text; path = noun.exc; sourceTree = "<group>"; };
		341072B52BA77FE4004C5514 /* adv.exc */ = {isa = PBXFileReference; fileEncoding = 4; lastKnownFileType = text; path = adv.exc; sourceTree = "<group>"; };
		3414C6A22AFDA3180085ABAB /* LLBR.app */ = {isa = PBXFileReference; explicitFileType = wrapper.application; includeInIndex = 0; path = LLBR.app; sourceTree = BUILT_PRODUCTS_DIR; };
		3414C6A52AFDA3180085ABAB /* ELApp.swift */ = {isa = PBXFileReference; lastKnownFileType = sourcecode.swift; path = ELApp.swift; sourceTree = "<group>"; };
		3414C6A72AFDA3180085ABAB /* ContentView.swift */ = {isa = PBXFileReference; lastKnownFileType = sourcecode.swift; path = ContentView.swift; sourceTree = "<group>"; };
		3414C6A92AFDA31B0085ABAB /* Assets.xcassets */ = {isa = PBXFileReference; lastKnownFileType = folder.assetcatalog; path = Assets.xcassets; sourceTree = "<group>"; };
		3414C6AC2AFDA31B0085ABAB /* Preview Assets.xcassets */ = {isa = PBXFileReference; lastKnownFileType = folder.assetcatalog; path = "Preview Assets.xcassets"; sourceTree = "<group>"; };
		3414C6B52AFDA39C0085ABAB /* Assessment.swift */ = {isa = PBXFileReference; lastKnownFileType = sourcecode.swift; path = Assessment.swift; sourceTree = "<group>"; };
		3414C6C02AFDA4D30085ABAB /* Reading.swift */ = {isa = PBXFileReference; lastKnownFileType = sourcecode.swift; path = Reading.swift; sourceTree = "<group>"; };
		3414C6C42AFDA5BA0085ABAB /* Learning.swift */ = {isa = PBXFileReference; lastKnownFileType = sourcecode.swift; path = Learning.swift; sourceTree = "<group>"; };
		3414C6CE2AFDA7860085ABAB /* MemoryCurveFilter.swift */ = {isa = PBXFileReference; lastKnownFileType = sourcecode.swift; path = MemoryCurveFilter.swift; sourceTree = "<group>"; };
		3414C6DF2AFF196C0085ABAB /* Splitter.swift */ = {isa = PBXFileReference; fileEncoding = 4; lastKnownFileType = sourcecode.swift; path = Splitter.swift; sourceTree = "<group>"; };
		3414C6E02AFF196C0085ABAB /* OCR.swift */ = {isa = PBXFileReference; fileEncoding = 4; lastKnownFileType = sourcecode.swift; path = OCR.swift; sourceTree = "<group>"; };
		3414C6E92AFF19DA0085ABAB /* UniformFormat.swift */ = {isa = PBXFileReference; lastKnownFileType = sourcecode.swift; path = UniformFormat.swift; sourceTree = "<group>"; };
		3414C6EB2AFF1B9E0085ABAB /* Attributes.swift */ = {isa = PBXFileReference; lastKnownFileType = sourcecode.swift; path = Attributes.swift; sourceTree = "<group>"; };
		3414C6F72AFF54DA0085ABAB /* UserInfo.db */ = {isa = PBXFileReference; lastKnownFileType = file; path = UserInfo.db; sourceTree = "<group>"; };
		3414C6F92AFF557F0085ABAB /* Dictionary.db */ = {isa = PBXFileReference; lastKnownFileType = file; path = Dictionary.db; sourceTree = "<group>"; };
		3414C6FB2B004A8F0085ABAB /* Books.swift */ = {isa = PBXFileReference; lastKnownFileType = sourcecode.swift; path = Books.swift; sourceTree = "<group>"; };
		3414C6FD2B014E930085ABAB /* TextFilter.swift */ = {isa = PBXFileReference; lastKnownFileType = sourcecode.swift; path = TextFilter.swift; sourceTree = "<group>"; };
		3414C6FF2B014EE00085ABAB /* Lemmatization.swift */ = {isa = PBXFileReference; lastKnownFileType = sourcecode.swift; path = Lemmatization.swift; sourceTree = "<group>"; };
		3414C7012B014EFD0085ABAB /* POS_Tagging.swift */ = {isa = PBXFileReference; lastKnownFileType = sourcecode.swift; path = POS_Tagging.swift; sourceTree = "<group>"; };
		3414C7032B014F640085ABAB /* LearnedWordFilter.swift */ = {isa = PBXFileReference; lastKnownFileType = sourcecode.swift; path = LearnedWordFilter.swift; sourceTree = "<group>"; };
		343631B92B61BEB2007C7F8C /* CameraView.swift */ = {isa = PBXFileReference; fileEncoding = 4; lastKnownFileType = sourcecode.swift; path = CameraView.swift; sourceTree = "<group>"; };
		344148002B12DB540091B29F /* NavigationView.swift */ = {isa = PBXFileReference; lastKnownFileType = sourcecode.swift; path = NavigationView.swift; sourceTree = "<group>"; };
		344148022B12E4EE0091B29F /* LoadingView.swift */ = {isa = PBXFileReference; lastKnownFileType = sourcecode.swift; path = LoadingView.swift; sourceTree = "<group>"; };
		347D07912B02CAC0007CA826 /* LearnedWords.swift */ = {isa = PBXFileReference; lastKnownFileType = sourcecode.swift; path = LearnedWords.swift; sourceTree = "<group>"; };
		347D07932B02D1C1007CA826 /* GeneralTools.swift */ = {isa = PBXFileReference; lastKnownFileType = sourcecode.swift; path = GeneralTools.swift; sourceTree = "<group>"; };
		347D07952B0ED8A5007CA826 /* WordsDefinite.swift */ = {isa = PBXFileReference; lastKnownFileType = sourcecode.swift; path = WordsDefinite.swift; sourceTree = "<group>"; };
		347D07972B0EDA9D007CA826 /* Dictionary.swift */ = {isa = PBXFileReference; lastKnownFileType = sourcecode.swift; path = Dictionary.swift; sourceTree = "<group>"; };
		347D07992B0EDF22007CA826 /* Explanation.swift */ = {isa = PBXFileReference; lastKnownFileType = sourcecode.swift; path = Explanation.swift; sourceTree = "<group>"; };
		347D079C2B0EE09B007CA826 /* UserInfo.swift */ = {isa = PBXFileReference; lastKnownFileType = sourcecode.swift; path = UserInfo.swift; sourceTree = "<group>"; };
		347D079F2B0EE638007CA826 /* FlowView.swift */ = {isa = PBXFileReference; lastKnownFileType = sourcecode.swift; path = FlowView.swift; sourceTree = "<group>"; };
		347D07A22B0F0DA3007CA826 /* Info.plist */ = {isa = PBXFileReference; lastKnownFileType = text.plist; path = Info.plist; sourceTree = "<group>"; };
		347D07A52B10060B007CA826 /* OriginalProcessing.swift */ = {isa = PBXFileReference; lastKnownFileType = sourcecode.swift; path = OriginalProcessing.swift; sourceTree = "<group>"; };
		347D07A92B116374007CA826 /* README.rtf */ = {isa = PBXFileReference; fileEncoding = 4; lastKnownFileType = text.rtf; path = README.rtf; sourceTree = "<group>"; };
		347D07B42B1163AF007CA826 /* ProcessPhotoView.swift */ = {isa = PBXFileReference; fileEncoding = 4; lastKnownFileType = sourcecode.swift; path = ProcessPhotoView.swift; sourceTree = "<group>"; };
		347D07B52B1163AF007CA826 /* BookListView.swift */ = {isa = PBXFileReference; fileEncoding = 4; lastKnownFileType = sourcecode.swift; path = BookListView.swift; sourceTree = "<group>"; };
		347D07B62B1163AF007CA826 /* ReadingView.swift */ = {isa = PBXFileReference; fileEncoding = 4; lastKnownFileType = sourcecode.swift; path = ReadingView.swift; sourceTree = "<group>"; };
		347D07B92B1163AF007CA826 /* PageListView.swift */ = {isa = PBXFileReference; fileEncoding = 4; lastKnownFileType = sourcecode.swift; path = PageListView.swift; sourceTree = "<group>"; };
		3499D8102B4629CB00983DD1 /* ResultsFormat.swift */ = {isa = PBXFileReference; lastKnownFileType = sourcecode.swift; path = ResultsFormat.swift; sourceTree = "<group>"; };
		3499D83F2B4A588F00983DD1 /* UnknowWords.swift */ = {isa = PBXFileReference; lastKnownFileType = sourcecode.swift; path = UnknowWords.swift; sourceTree = "<group>"; };
		3499D8412B4A5B9600983DD1 /* UnknowWords.db */ = {isa = PBXFileReference; lastKnownFileType = file; path = UnknowWords.db; sourceTree = "<group>"; };
		34B568412B55BEAD00A30471 /* LearnedWords.db */ = {isa = PBXFileReference; lastKnownFileType = file; path = LearnedWords.db; sourceTree = "<group>"; };
		34B568452B56FD5A00A30471 /* UnkowWordsFilter.swift */ = {isa = PBXFileReference; lastKnownFileType = sourcecode.swift; path = UnkowWordsFilter.swift; sourceTree = "<group>"; };
/* End PBXFileReference section */

/* Begin PBXFrameworksBuildPhase section */
		3414C69F2AFDA3180085ABAB /* Frameworks */ = {
			isa = PBXFrameworksBuildPhase;
			buildActionMask = 2147483647;
			files = (
			);
			runOnlyForDeploymentPostprocessing = 0;
		};
/* End PBXFrameworksBuildPhase section */

/* Begin PBXGroup section */
		341072B02BA77FE4004C5514 /* LEWords */ = {
			isa = PBXGroup;
			children = (
				341072B12BA77FE4004C5514 /* other.exc */,
				341072B22BA77FE4004C5514 /* verb.exc */,
				341072B32BA77FE4004C5514 /* adj.exc */,
				341072B42BA77FE4004C5514 /* noun.exc */,
				341072B52BA77FE4004C5514 /* adv.exc */,
			);
			path = LEWords;
			sourceTree = "<group>";
		};
		3414C6992AFDA3180085ABAB = {
			isa = PBXGroup;
			children = (
				3414C6A42AFDA3180085ABAB /* LLBR */,
				3414C6A32AFDA3180085ABAB /* Products */,
			);
			sourceTree = "<group>";
		};
		3414C6A32AFDA3180085ABAB /* Products */ = {
			isa = PBXGroup;
			children = (
				3414C6A22AFDA3180085ABAB /* LLBR.app */,
			);
			name = Products;
			sourceTree = "<group>";
		};
		3414C6A42AFDA3180085ABAB /* LLBR */ = {
			isa = PBXGroup;
			children = (
				347D07A22B0F0DA3007CA826 /* Info.plist */,
				3414C6B32AFDA35A0085ABAB /* Front-end */,
				3414C6B42AFDA36C0085ABAB /* Back-end */,
				3414C6A52AFDA3180085ABAB /* ELApp.swift */,
				3414C6A72AFDA3180085ABAB /* ContentView.swift */,
				3414C6A92AFDA31B0085ABAB /* Assets.xcassets */,
				3414C6AB2AFDA31B0085ABAB /* Preview Content */,
			);
			path = LLBR;
			sourceTree = "<group>";
		};
		3414C6AB2AFDA31B0085ABAB /* Preview Content */ = {
			isa = PBXGroup;
			children = (
				3414C6AC2AFDA31B0085ABAB /* Preview Assets.xcassets */,
			);
			path = "Preview Content";
			sourceTree = "<group>";
		};
		3414C6B32AFDA35A0085ABAB /* Front-end */ = {
			isa = PBXGroup;
			children = (
				347D07A82B116374007CA826 /* Components */,
				347D079B2B0EDF96007CA826 /* UserGuide */,
				3414C6C32AFDA5890085ABAB /* Reading */,
				347D07B32B1163AF007CA826 /* UIs */,
			);
			path = "Front-end";
			sourceTree = "<group>";
		};
		3414C6B42AFDA36C0085ABAB /* Back-end */ = {
			isa = PBXGroup;
			children = (
				3414C6D02AFDA7960085ABAB /* Database */,
				347D07A32B10043E007CA826 /* OriginalProcess */,
				3414C6C82AFDA63C0085ABAB /* ContentProcess */,
				3414C6C92AFDA6E50085ABAB /* Reading */,
				3414C6EB2AFF1B9E0085ABAB /* Attributes.swift */,
			);
			path = "Back-end";
			sourceTree = "<group>";
		};
		3414C6C32AFDA5890085ABAB /* Reading */ = {
			isa = PBXGroup;
			children = (
				3414C6C02AFDA4D30085ABAB /* Reading.swift */,
				3414C6C42AFDA5BA0085ABAB /* Learning.swift */,
			);
			path = Reading;
			sourceTree = "<group>";
		};
		3414C6C82AFDA63C0085ABAB /* ContentProcess */ = {
			isa = PBXGroup;
			children = (
				347D07A42B100457007CA826 /* Picture */,
			);
			path = ContentProcess;
			sourceTree = "<group>";
		};
		3414C6C92AFDA6E50085ABAB /* Reading */ = {
			isa = PBXGroup;
			children = (
				3414C6CE2AFDA7860085ABAB /* MemoryCurveFilter.swift */,
			);
			path = Reading;
			sourceTree = "<group>";
		};
		3414C6CA2AFDA6FE0085ABAB /* UniformFormat */ = {
			isa = PBXGroup;
			children = (
				3414C6E92AFF19DA0085ABAB /* UniformFormat.swift */,
				3414C6E02AFF196C0085ABAB /* OCR.swift */,
				3499D8102B4629CB00983DD1 /* ResultsFormat.swift */,
				3414C6DF2AFF196C0085ABAB /* Splitter.swift */,
			);
			path = UniformFormat;
			sourceTree = "<group>";
		};
		3414C6CB2AFDA70E0085ABAB /* TextFilter */ = {
			isa = PBXGroup;
			children = (
				3414C6FD2B014E930085ABAB /* TextFilter.swift */,
				3414C7012B014EFD0085ABAB /* POS_Tagging.swift */,
				341072B02BA77FE4004C5514 /* LEWords */,
				3414C6FF2B014EE00085ABAB /* Lemmatization.swift */,
				3414C7032B014F640085ABAB /* LearnedWordFilter.swift */,
				34B568452B56FD5A00A30471 /* UnkowWordsFilter.swift */,
			);
			path = TextFilter;
			sourceTree = "<group>";
		};
		3414C6CC2AFDA7240085ABAB /* WordsDefinite */ = {
			isa = PBXGroup;
			children = (
				347D07952B0ED8A5007CA826 /* WordsDefinite.swift */,
			);
			path = WordsDefinite;
			sourceTree = "<group>";
		};
		3414C6D02AFDA7960085ABAB /* Database */ = {
			isa = PBXGroup;
			children = (
				347D07932B02D1C1007CA826 /* GeneralTools.swift */,
				3414C6F02AFF4DFE0085ABAB /* Visitor */,
				3414C6EF2AFF4DD50085ABAB /* DataFile */,
			);
			path = Database;
			sourceTree = "<group>";
		};
		3414C6EF2AFF4DD50085ABAB /* DataFile */ = {
			isa = PBXGroup;
			children = (
				34B568412B55BEAD00A30471 /* LearnedWords.db */,
				3414C6F92AFF557F0085ABAB /* Dictionary.db */,
				3499D8412B4A5B9600983DD1 /* UnknowWords.db */,
				3414C6F72AFF54DA0085ABAB /* UserInfo.db */,
			);
			path = DataFile;
			sourceTree = "<group>";
		};
		3414C6F02AFF4DFE0085ABAB /* Visitor */ = {
			isa = PBXGroup;
			children = (
				347D079C2B0EE09B007CA826 /* UserInfo.swift */,
				3414C6FB2B004A8F0085ABAB /* Books.swift */,
				347D07912B02CAC0007CA826 /* LearnedWords.swift */,
				3499D83F2B4A588F00983DD1 /* UnknowWords.swift */,
				347D07972B0EDA9D007CA826 /* Dictionary.swift */,
			);
			path = Visitor;
			sourceTree = "<group>";
		};
		347D079B2B0EDF96007CA826 /* UserGuide */ = {
			isa = PBXGroup;
			children = (
				347D079F2B0EE638007CA826 /* FlowView.swift */,
				347D07992B0EDF22007CA826 /* Explanation.swift */,
				3414C6B52AFDA39C0085ABAB /* Assessment.swift */,
			);
			path = UserGuide;
			sourceTree = "<group>";
		};
		347D07A32B10043E007CA826 /* OriginalProcess */ = {
			isa = PBXGroup;
			children = (
				347D07A52B10060B007CA826 /* OriginalProcessing.swift */,
			);
			path = OriginalProcess;
			sourceTree = "<group>";
		};
		347D07A42B100457007CA826 /* Picture */ = {
			isa = PBXGroup;
			children = (
				3414C6CA2AFDA6FE0085ABAB /* UniformFormat */,
				3414C6CB2AFDA70E0085ABAB /* TextFilter */,
				3414C6CC2AFDA7240085ABAB /* WordsDefinite */,
			);
			path = Picture;
			sourceTree = "<group>";
		};
		347D07A82B116374007CA826 /* Components */ = {
			isa = PBXGroup;
			children = (
				347D07A92B116374007CA826 /* README.rtf */,
			);
			path = Components;
			sourceTree = "<group>";
		};
		347D07B32B1163AF007CA826 /* UIs */ = {
			isa = PBXGroup;
			children = (
				347D07B42B1163AF007CA826 /* ProcessPhotoView.swift */,
				344148002B12DB540091B29F /* NavigationView.swift */,
				343631B92B61BEB2007C7F8C /* CameraView.swift */,
				347D07B52B1163AF007CA826 /* BookListView.swift */,
				347D07B92B1163AF007CA826 /* PageListView.swift */,
				347D07B62B1163AF007CA826 /* ReadingView.swift */,
				344148022B12E4EE0091B29F /* LoadingView.swift */,
			);
			path = UIs;
			sourceTree = "<group>";
		};
/* End PBXGroup section */

/* Begin PBXNativeTarget section */
		3414C6A12AFDA3180085ABAB /* LLBR */ = {
			isa = PBXNativeTarget;
			buildConfigurationList = 3414C6B02AFDA31B0085ABAB /* Build configuration list for PBXNativeTarget "LLBR" */;
			buildPhases = (
				3414C69E2AFDA3180085ABAB /* Sources */,
				3414C69F2AFDA3180085ABAB /* Frameworks */,
				3414C6A02AFDA3180085ABAB /* Resources */,
			);
			buildRules = (
			);
			dependencies = (
			);
			name = LLBR;
			productName = LLBR;
			productReference = 3414C6A22AFDA3180085ABAB /* LLBR.app */;
			productType = "com.apple.product-type.application";
		};
/* End PBXNativeTarget section */

/* Begin PBXProject section */
		3414C69A2AFDA3180085ABAB /* Project object */ = {
			isa = PBXProject;
			attributes = {
				BuildIndependentTargetsInParallel = 1;
				LastSwiftUpdateCheck = 1500;
				LastUpgradeCheck = 1500;
				TargetAttributes = {
					3414C6A12AFDA3180085ABAB = {
						CreatedOnToolsVersion = 15.0.1;
					};
				};
			};
			buildConfigurationList = 3414C69D2AFDA3180085ABAB /* Build configuration list for PBXProject "LLBR" */;
			compatibilityVersion = "Xcode 14.0";
			developmentRegion = en;
			hasScannedForEncodings = 0;
			knownRegions = (
				en,
				Base,
			);
			mainGroup = 3414C6992AFDA3180085ABAB;
			productRefGroup = 3414C6A32AFDA3180085ABAB /* Products */;
			projectDirPath = "";
			projectRoot = "";
			targets = (
				3414C6A12AFDA3180085ABAB /* LLBR */,
			);
		};
/* End PBXProject section */

/* Begin PBXResourcesBuildPhase section */
		3414C6A02AFDA3180085ABAB /* Resources */ = {
			isa = PBXResourcesBuildPhase;
			buildActionMask = 2147483647;
			files = (
				341072BA2BA77FE5004C5514 /* adv.exc in Resources */,
				341072B82BA77FE5004C5514 /* adj.exc in Resources */,
				341072B72BA77FE5004C5514 /* verb.exc in Resources */,
				34B568422B55BEAD00A30471 /* LearnedWords.db in Resources */,
				341072B62BA77FE5004C5514 /* other.exc in Resources */,
				3414C6AD2AFDA31B0085ABAB /* Preview Assets.xcassets in Resources */,
				3499D8422B4A5B9700983DD1 /* UnknowWords.db in Resources */,
				3414C6F82AFF54DA0085ABAB /* UserInfo.db in Resources */,
				3414C6AA2AFDA31B0085ABAB /* Assets.xcassets in Resources */,
				341072B92BA77FE5004C5514 /* noun.exc in Resources */,
				347D07AB2B116374007CA826 /* README.rtf in Resources */,
				3414C6FA2AFF557F0085ABAB /* Dictionary.db in Resources */,
			);
			runOnlyForDeploymentPostprocessing = 0;
		};
/* End PBXResourcesBuildPhase section */

/* Begin PBXSourcesBuildPhase section */
		3414C69E2AFDA3180085ABAB /* Sources */ = {
			isa = PBXSourcesBuildPhase;
			buildActionMask = 2147483647;
			files = (
				3414C6EA2AFF19DA0085ABAB /* UniformFormat.swift in Sources */,
				3414C6EC2AFF1B9E0085ABAB /* Attributes.swift in Sources */,
				347D07A02B0EE638007CA826 /* FlowView.swift in Sources */,
				347D07BC2B1163AF007CA826 /* ReadingView.swift in Sources */,
				344148012B12DB540091B29F /* NavigationView.swift in Sources */,
				3414C7022B014EFD0085ABAB /* POS_Tagging.swift in Sources */,
				347D079D2B0EE09B007CA826 /* UserInfo.swift in Sources */,
				3414C6A82AFDA3180085ABAB /* ContentView.swift in Sources */,
				34B568462B56FD5A00A30471 /* UnkowWordsFilter.swift in Sources */,
				3414C6CF2AFDA7860085ABAB /* MemoryCurveFilter.swift in Sources */,
				3414C6E42AFF196C0085ABAB /* Splitter.swift in Sources */,
				3414C7042B014F640085ABAB /* LearnedWordFilter.swift in Sources */,
				3499D8112B4629CB00983DD1 /* ResultsFormat.swift in Sources */,
				343631BA2B61BEB2007C7F8C /* CameraView.swift in Sources */,
				347D07942B02D1C1007CA826 /* GeneralTools.swift in Sources */,
				347D07922B02CAC0007CA826 /* LearnedWords.swift in Sources */,
				3414C6E52AFF196C0085ABAB /* OCR.swift in Sources */,
				347D07BB2B1163AF007CA826 /* BookListView.swift in Sources */,
				3414C6C12AFDA4D30085ABAB /* Reading.swift in Sources */,
				347D079A2B0EDF22007CA826 /* Explanation.swift in Sources */,
				347D07BA2B1163AF007CA826 /* ProcessPhotoView.swift in Sources */,
				347D07BF2B1163AF007CA826 /* PageListView.swift in Sources */,
				3414C6C52AFDA5BA0085ABAB /* Learning.swift in Sources */,
				347D07A62B10060B007CA826 /* OriginalProcessing.swift in Sources */,
				3414C6FC2B004A900085ABAB /* Books.swift in Sources */,
				347D07982B0EDA9D007CA826 /* Dictionary.swift in Sources */,
				3414C7002B014EE00085ABAB /* Lemmatization.swift in Sources */,
				3414C6A62AFDA3180085ABAB /* ELApp.swift in Sources */,
				3414C6B62AFDA39C0085ABAB /* Assessment.swift in Sources */,
				3414C6FE2B014E930085ABAB /* TextFilter.swift in Sources */,
				347D07962B0ED8A5007CA826 /* WordsDefinite.swift in Sources */,
				3499D8402B4A588F00983DD1 /* UnknowWords.swift in Sources */,
				344148032B12E4EE0091B29F /* LoadingView.swift in Sources */,
			);
			runOnlyForDeploymentPostprocessing = 0;
		};
/* End PBXSourcesBuildPhase section */

/* Begin XCBuildConfiguration section */
		3414C6AE2AFDA31B0085ABAB /* Debug */ = {
			isa = XCBuildConfiguration;
			buildSettings = {
				ALWAYS_SEARCH_USER_PATHS = NO;
				ASSETCATALOG_COMPILER_GENERATE_SWIFT_ASSET_SYMBOL_EXTENSIONS = YES;
				CLANG_ANALYZER_NONNULL = YES;
				CLANG_ANALYZER_NUMBER_OBJECT_CONVERSION = YES_AGGRESSIVE;
				CLANG_CXX_LANGUAGE_STANDARD = "gnu++20";
				CLANG_ENABLE_MODULES = YES;
				CLANG_ENABLE_OBJC_ARC = YES;
				CLANG_ENABLE_OBJC_WEAK = YES;
				CLANG_WARN_BLOCK_CAPTURE_AUTORELEASING = YES;
				CLANG_WARN_BOOL_CONVERSION = YES;
				CLANG_WARN_COMMA = YES;
				CLANG_WARN_CONSTANT_CONVERSION = YES;
				CLANG_WARN_DEPRECATED_OBJC_IMPLEMENTATIONS = YES;
				CLANG_WARN_DIRECT_OBJC_ISA_USAGE = YES_ERROR;
				CLANG_WARN_DOCUMENTATION_COMMENTS = YES;
				CLANG_WARN_EMPTY_BODY = YES;
				CLANG_WARN_ENUM_CONVERSION = YES;
				CLANG_WARN_INFINITE_RECURSION = YES;
				CLANG_WARN_INT_CONVERSION = YES;
				CLANG_WARN_NON_LITERAL_NULL_CONVERSION = YES;
				CLANG_WARN_OBJC_IMPLICIT_RETAIN_SELF = YES;
				CLANG_WARN_OBJC_LITERAL_CONVERSION = YES;
				CLANG_WARN_OBJC_ROOT_CLASS = YES_ERROR;
				CLANG_WARN_QUOTED_INCLUDE_IN_FRAMEWORK_HEADER = YES;
				CLANG_WARN_RANGE_LOOP_ANALYSIS = YES;
				CLANG_WARN_STRICT_PROTOTYPES = YES;
				CLANG_WARN_SUSPICIOUS_MOVE = YES;
				CLANG_WARN_UNGUARDED_AVAILABILITY = YES_AGGRESSIVE;
				CLANG_WARN_UNREACHABLE_CODE = YES;
				CLANG_WARN__DUPLICATE_METHOD_MATCH = YES;
				COPY_PHASE_STRIP = NO;
				DEBUG_INFORMATION_FORMAT = dwarf;
				ENABLE_STRICT_OBJC_MSGSEND = YES;
				ENABLE_TESTABILITY = YES;
				ENABLE_USER_SCRIPT_SANDBOXING = YES;
				GCC_C_LANGUAGE_STANDARD = gnu17;
				GCC_DYNAMIC_NO_PIC = NO;
				GCC_NO_COMMON_BLOCKS = YES;
				GCC_OPTIMIZATION_LEVEL = 0;
				GCC_PREPROCESSOR_DEFINITIONS = (
					"DEBUG=1",
					"$(inherited)",
				);
				GCC_WARN_64_TO_32_BIT_CONVERSION = YES;
				GCC_WARN_ABOUT_RETURN_TYPE = YES_ERROR;
				GCC_WARN_UNDECLARED_SELECTOR = YES;
				GCC_WARN_UNINITIALIZED_AUTOS = YES_AGGRESSIVE;
				GCC_WARN_UNUSED_FUNCTION = YES;
				GCC_WARN_UNUSED_VARIABLE = YES;
				IPHONEOS_DEPLOYMENT_TARGET = 17.0;
				LOCALIZATION_PREFERS_STRING_CATALOGS = YES;
				MTL_ENABLE_DEBUG_INFO = INCLUDE_SOURCE;
				MTL_FAST_MATH = YES;
				ONLY_ACTIVE_ARCH = YES;
				SDKROOT = iphoneos;
				SWIFT_ACTIVE_COMPILATION_CONDITIONS = "DEBUG $(inherited)";
				SWIFT_OPTIMIZATION_LEVEL = "-Onone";
			};
			name = Debug;
		};
		3414C6AF2AFDA31B0085ABAB /* Release */ = {
			isa = XCBuildConfiguration;
			buildSettings = {
				ALWAYS_SEARCH_USER_PATHS = NO;
				ASSETCATALOG_COMPILER_GENERATE_SWIFT_ASSET_SYMBOL_EXTENSIONS = YES;
				CLANG_ANALYZER_NONNULL = YES;
				CLANG_ANALYZER_NUMBER_OBJECT_CONVERSION = YES_AGGRESSIVE;
				CLANG_CXX_LANGUAGE_STANDARD = "gnu++20";
				CLANG_ENABLE_MODULES = YES;
				CLANG_ENABLE_OBJC_ARC = YES;
				CLANG_ENABLE_OBJC_WEAK = YES;
				CLANG_WARN_BLOCK_CAPTURE_AUTORELEASING = YES;
				CLANG_WARN_BOOL_CONVERSION = YES;
				CLANG_WARN_COMMA = YES;
				CLANG_WARN_CONSTANT_CONVERSION = YES;
				CLANG_WARN_DEPRECATED_OBJC_IMPLEMENTATIONS = YES;
				CLANG_WARN_DIRECT_OBJC_ISA_USAGE = YES_ERROR;
				CLANG_WARN_DOCUMENTATION_COMMENTS = YES;
				CLANG_WARN_EMPTY_BODY = YES;
				CLANG_WARN_ENUM_CONVERSION = YES;
				CLANG_WARN_INFINITE_RECURSION = YES;
				CLANG_WARN_INT_CONVERSION = YES;
				CLANG_WARN_NON_LITERAL_NULL_CONVERSION = YES;
				CLANG_WARN_OBJC_IMPLICIT_RETAIN_SELF = YES;
				CLANG_WARN_OBJC_LITERAL_CONVERSION = YES;
				CLANG_WARN_OBJC_ROOT_CLASS = YES_ERROR;
				CLANG_WARN_QUOTED_INCLUDE_IN_FRAMEWORK_HEADER = YES;
				CLANG_WARN_RANGE_LOOP_ANALYSIS = YES;
				CLANG_WARN_STRICT_PROTOTYPES = YES;
				CLANG_WARN_SUSPICIOUS_MOVE = YES;
				CLANG_WARN_UNGUARDED_AVAILABILITY = YES_AGGRESSIVE;
				CLANG_WARN_UNREACHABLE_CODE = YES;
				CLANG_WARN__DUPLICATE_METHOD_MATCH = YES;
				COPY_PHASE_STRIP = NO;
				DEBUG_INFORMATION_FORMAT = "dwarf-with-dsym";
				ENABLE_NS_ASSERTIONS = NO;
				ENABLE_STRICT_OBJC_MSGSEND = YES;
				ENABLE_USER_SCRIPT_SANDBOXING = YES;
				GCC_C_LANGUAGE_STANDARD = gnu17;
				GCC_NO_COMMON_BLOCKS = YES;
				GCC_WARN_64_TO_32_BIT_CONVERSION = YES;
				GCC_WARN_ABOUT_RETURN_TYPE = YES_ERROR;
				GCC_WARN_UNDECLARED_SELECTOR = YES;
				GCC_WARN_UNINITIALIZED_AUTOS = YES_AGGRESSIVE;
				GCC_WARN_UNUSED_FUNCTION = YES;
				GCC_WARN_UNUSED_VARIABLE = YES;
				IPHONEOS_DEPLOYMENT_TARGET = 17.0;
				LOCALIZATION_PREFERS_STRING_CATALOGS = YES;
				MTL_ENABLE_DEBUG_INFO = NO;
				MTL_FAST_MATH = YES;
				SDKROOT = iphoneos;
				SWIFT_COMPILATION_MODE = wholemodule;
				VALIDATE_PRODUCT = YES;
			};
			name = Release;
		};
		3414C6B12AFDA31B0085ABAB /* Debug */ = {
			isa = XCBuildConfiguration;
			buildSettings = {
				ASSETCATALOG_COMPILER_APPICON_NAME = AppIcon;
				ASSETCATALOG_COMPILER_GLOBAL_ACCENT_COLOR_NAME = AccentColor;
				CODE_SIGN_STYLE = Automatic;
				CURRENT_PROJECT_VERSION = 1;
				DEVELOPMENT_ASSET_PATHS = "\"LLBR/Preview Content\"";
				DEVELOPMENT_TEAM = MD2AX9P6F2;
				ENABLE_PREVIEWS = YES;
				GENERATE_INFOPLIST_FILE = YES;
				INFOPLIST_FILE = LLBR/Info.plist;
				INFOPLIST_KEY_CFBundleDisplayName = "Language Network: Book Reader";
				INFOPLIST_KEY_LSApplicationCategoryType = "public.app-category.books";
				INFOPLIST_KEY_NSCameraUsageDescription = "";
				INFOPLIST_KEY_NSPhotoLibraryUsageDescription = "";
				INFOPLIST_KEY_UIApplicationSceneManifest_Generation = YES;
				INFOPLIST_KEY_UIApplicationSupportsIndirectInputEvents = YES;
				INFOPLIST_KEY_UILaunchScreen_Generation = YES;
				INFOPLIST_KEY_UISupportedInterfaceOrientations_iPad = "UIInterfaceOrientationPortrait UIInterfaceOrientationPortraitUpsideDown UIInterfaceOrientationLandscapeLeft UIInterfaceOrientationLandscapeRight";
				INFOPLIST_KEY_UISupportedInterfaceOrientations_iPhone = "UIInterfaceOrientationPortrait UIInterfaceOrientationLandscapeLeft UIInterfaceOrientationLandscapeRight";
				IPHONEOS_DEPLOYMENT_TARGET = 16.0;
				LD_RUNPATH_SEARCH_PATHS = (
					"$(inherited)",
					"@executable_path/Frameworks",
				);
				MARKETING_VERSION = 1.0;
				PRODUCT_BUNDLE_IDENTIFIER = com.WuJiaRui.LLBR;
				PRODUCT_NAME = "$(TARGET_NAME)";
				SWIFT_EMIT_LOC_STRINGS = YES;
				SWIFT_VERSION = 5.0;
				TARGETED_DEVICE_FAMILY = "1,2";
			};
			name = Debug;
		};
		3414C6B22AFDA31B0085ABAB /* Release */ = {
			isa = XCBuildConfiguration;
			buildSettings = {
				ASSETCATALOG_COMPILER_APPICON_NAME = AppIcon;
				ASSETCATALOG_COMPILER_GLOBAL_ACCENT_COLOR_NAME = AccentColor;
				CODE_SIGN_STYLE = Automatic;
				CURRENT_PROJECT_VERSION = 1;
				DEVELOPMENT_ASSET_PATHS = "\"LLBR/Preview Content\"";
				DEVELOPMENT_TEAM = MD2AX9P6F2;
				ENABLE_PREVIEWS = YES;
				GENERATE_INFOPLIST_FILE = YES;
				INFOPLIST_FILE = LLBR/Info.plist;
				INFOPLIST_KEY_CFBundleDisplayName = "Language Network: Book Reader";
				INFOPLIST_KEY_LSApplicationCategoryType = "public.app-category.books";
				INFOPLIST_KEY_NSCameraUsageDescription = "";
				INFOPLIST_KEY_NSPhotoLibraryUsageDescription = "";
				INFOPLIST_KEY_UIApplicationSceneManifest_Generation = YES;
				INFOPLIST_KEY_UIApplicationSupportsIndirectInputEvents = YES;
				INFOPLIST_KEY_UILaunchScreen_Generation = YES;
				INFOPLIST_KEY_UISupportedInterfaceOrientations_iPad = "UIInterfaceOrientationPortrait UIInterfaceOrientationPortraitUpsideDown UIInterfaceOrientationLandscapeLeft UIInterfaceOrientationLandscapeRight";
				INFOPLIST_KEY_UISupportedInterfaceOrientations_iPhone = "UIInterfaceOrientationPortrait UIInterfaceOrientationLandscapeLeft UIInterfaceOrientationLandscapeRight";
				IPHONEOS_DEPLOYMENT_TARGET = 16.0;
				LD_RUNPATH_SEARCH_PATHS = (
					"$(inherited)",
					"@executable_path/Frameworks",
				);
				MARKETING_VERSION = 1.0;
				PRODUCT_BUNDLE_IDENTIFIER = com.WuJiaRui.LLBR;
				PRODUCT_NAME = "$(TARGET_NAME)";
				SWIFT_EMIT_LOC_STRINGS = YES;
				SWIFT_VERSION = 5.0;
				TARGETED_DEVICE_FAMILY = "1,2";
			};
			name = Release;
		};
/* End XCBuildConfiguration section */

/* Begin XCConfigurationList section */
		3414C69D2AFDA3180085ABAB /* Build configuration list for PBXProject "LLBR" */ = {
			isa = XCConfigurationList;
			buildConfigurations = (
				3414C6AE2AFDA31B0085ABAB /* Debug */,
				3414C6AF2AFDA31B0085ABAB /* Release */,
			);
			defaultConfigurationIsVisible = 0;
			defaultConfigurationName = Release;
		};
		3414C6B02AFDA31B0085ABAB /* Build configuration list for PBXNativeTarget "LLBR" */ = {
			isa = XCConfigurationList;
			buildConfigurations = (
				3414C6B12AFDA31B0085ABAB /* Debug */,
				3414C6B22AFDA31B0085ABAB /* Release */,
			);
			defaultConfigurationIsVisible = 0;
			defaultConfigurationName = Release;
		};
/* End XCConfigurationList section */
	};
	rootObject = 3414C69A2AFDA3180085ABAB /* Project object */;
}
